
Microsoft Visual Studio Solution File, Format Version 12.00
# Visual Studio Version 17
VisualStudioVersion = 17.10.35122.118
MinimumVisualStudioVersion = 10.0.40219.1
Project("{FAE04EC0-301F-11D3-BF4B-00C04F79EFBC}") = "OOP Exam", "OOP Exam.csproj", "{AB5A36A5-782F-448C-8842-087A5DFDA1F6}"
EndProject
Global
	GlobalSection(SolutionConfigurationPlatforms) = preSolution
		Debug|Any CPU = Debug|Any CPU
		Release|Any CPU = Release|Any CPU
	EndGlobalSection
	GlobalSection(ProjectConfigurationPlatforms) = postSolution
		{AB5A36A5-782F-448C-8842-087A5DFDA1F6}.Debug|Any CPU.ActiveCfg = Debug|Any CPU
		{AB5A36A5-782F-448C-8842-087A5DFDA1F6}.Debug|Any CPU.Build.0 = Debug|Any CPU
		{AB5A36A5-782F-448C-8842-087A5DFDA1F6}.Release|Any CPU.ActiveCfg = Release|Any CPU
		{AB5A36A5-782F-448C-8842-087A5DFDA1F6}.Release|Any CPU.Build.0 = Release|Any CPU
	EndGlobalSection
	GlobalSection(SolutionProperties) = preSolution
		HideSolutionNode = FALSE
	EndGlobalSection
	GlobalSection(ExtensibilityGlobals) = postSolution
		SolutionGuid = {F4A06E6B-1B3A-4940-9DF6-E8920A7FACF3}
	EndGlobalSection
EndGlobal
